// !$*UTF8*$!
{
	archiveVersion = 1;
	classes = {
	};
	objectVersion = 51;
	objects = {

/* Begin PBXBuildFile section */
		95A09BBE36B3F1EADEE58B07 /* Pods_fitube.framework in Frameworks */ = {isa = PBXBuildFile; fileRef = 375662A76D6CD3B561F15486 /* Pods_fitube.framework */; };
		B611336A2445866E0000B1B0 /* HomeTabViewController.swift in Sources */ = {isa = PBXBuildFile; fileRef = B61133692445866E0000B1B0 /* HomeTabViewController.swift */; };
		B611336C24458E990000B1B0 /* ProgramViewController.swift in Sources */ = {isa = PBXBuildFile; fileRef = B611336B24458E990000B1B0 /* ProgramViewController.swift */; };
		B611336E24458EBE0000B1B0 /* SettingViewController.swift in Sources */ = {isa = PBXBuildFile; fileRef = B611336D24458EBE0000B1B0 /* SettingViewController.swift */; };
		B619487C2442B737005D7675 /* AppDelegate.swift in Sources */ = {isa = PBXBuildFile; fileRef = B619487B2442B737005D7675 /* AppDelegate.swift */; };
		B619487E2442B737005D7675 /* SceneDelegate.swift in Sources */ = {isa = PBXBuildFile; fileRef = B619487D2442B737005D7675 /* SceneDelegate.swift */; };
		B61948802442B737005D7675 /* WelcomeViewController.swift in Sources */ = {isa = PBXBuildFile; fileRef = B619487F2442B737005D7675 /* WelcomeViewController.swift */; };
		B61948832442B737005D7675 /* Main.storyboard in Resources */ = {isa = PBXBuildFile; fileRef = B61948812442B737005D7675 /* Main.storyboard */; };
		B61948882442B738005D7675 /* Assets.xcassets in Resources */ = {isa = PBXBuildFile; fileRef = B61948872442B738005D7675 /* Assets.xcassets */; };
		B619488B2442B738005D7675 /* LaunchScreen.storyboard in Resources */ = {isa = PBXBuildFile; fileRef = B61948892442B738005D7675 /* LaunchScreen.storyboard */; };
		B621EDD52446D64600C3C1E0 /* ReportViewController.swift in Sources */ = {isa = PBXBuildFile; fileRef = B621EDD42446D64600C3C1E0 /* ReportViewController.swift */; };
		B641C9DC24496E4900BFAC1E /* levelClassifyViewController.swift in Sources */ = {isa = PBXBuildFile; fileRef = B641C9DB24496E4900BFAC1E /* levelClassifyViewController.swift */; };
		B641C9DE2449705A00BFAC1E /* levelDetector.swift in Sources */ = {isa = PBXBuildFile; fileRef = B641C9DD2449705A00BFAC1E /* levelDetector.swift */; };
		B641C9E024499AE200BFAC1E /* WarmupViewController.swift in Sources */ = {isa = PBXBuildFile; fileRef = B641C9DF24499AE200BFAC1E /* WarmupViewController.swift */; };
		B641C9E42449A5A800BFAC1E /* TrainViewController.swift in Sources */ = {isa = PBXBuildFile; fileRef = B641C9E32449A5A800BFAC1E /* TrainViewController.swift */; };
		B641C9EA2449B4FC00BFAC1E /* RookieProgram.swift in Sources */ = {isa = PBXBuildFile; fileRef = B641C9E92449B4FC00BFAC1E /* RookieProgram.swift */; };
		B641C9EC244B08EC00BFAC1E /* PopUpViewController.swift in Sources */ = {isa = PBXBuildFile; fileRef = B641C9EB244B08EC00BFAC1E /* PopUpViewController.swift */; };
		B65EE3292448022D001823FA /* MovieMaker.swift in Sources */ = {isa = PBXBuildFile; fileRef = B65EE3282448022D001823FA /* MovieMaker.swift */; };
		B65EE32C2448B4BD001823FA /* Users1.xcdatamodeld in Sources */ = {isa = PBXBuildFile; fileRef = B65EE32A2448B4BD001823FA /* Users1.xcdatamodeld */; };
		B6B78558244BF4AF008C2518 /* Intermediate.swift in Sources */ = {isa = PBXBuildFile; fileRef = B6B78557244BF4AF008C2518 /* Intermediate.swift */; };
		B6B7855A244BF9BC008C2518 /* Advanced.swift in Sources */ = {isa = PBXBuildFile; fileRef = B6B78559244BF9BC008C2518 /* Advanced.swift */; };
		B6B7855C244BF9C5008C2518 /* Beast.swift in Sources */ = {isa = PBXBuildFile; fileRef = B6B7855B244BF9C5008C2518 /* Beast.swift */; };
		B6C1111824434F1600783090 /* RegisterViewController.swift in Sources */ = {isa = PBXBuildFile; fileRef = B6C1111724434F1600783090 /* RegisterViewController.swift */; };
/* End PBXBuildFile section */

/* Begin PBXFileReference section */
		1F8DFEB34F460EC53A0355A2 /* Pods-fitube.debug.xcconfig */ = {isa = PBXFileReference; includeInIndex = 1; lastKnownFileType = text.xcconfig; name = "Pods-fitube.debug.xcconfig"; path = "Target Support Files/Pods-fitube/Pods-fitube.debug.xcconfig"; sourceTree = "<group>"; };
		375662A76D6CD3B561F15486 /* Pods_fitube.framework */ = {isa = PBXFileReference; explicitFileType = wrapper.framework; includeInIndex = 0; path = Pods_fitube.framework; sourceTree = BUILT_PRODUCTS_DIR; };
		B61133692445866E0000B1B0 /* HomeTabViewController.swift */ = {isa = PBXFileReference; lastKnownFileType = sourcecode.swift; path = HomeTabViewController.swift; sourceTree = "<group>"; };
		B611336B24458E990000B1B0 /* ProgramViewController.swift */ = {isa = PBXFileReference; lastKnownFileType = sourcecode.swift; path = ProgramViewController.swift; sourceTree = "<group>"; };
		B611336D24458EBE0000B1B0 /* SettingViewController.swift */ = {isa = PBXFileReference; lastKnownFileType = sourcecode.swift; path = SettingViewController.swift; sourceTree = "<group>"; };
		B61948782442B737005D7675 /* fitube.app */ = {isa = PBXFileReference; explicitFileType = wrapper.application; includeInIndex = 0; path = fitube.app; sourceTree = BUILT_PRODUCTS_DIR; };
		B619487B2442B737005D7675 /* AppDelegate.swift */ = {isa = PBXFileReference; lastKnownFileType = sourcecode.swift; path = AppDelegate.swift; sourceTree = "<group>"; };
		B619487D2442B737005D7675 /* SceneDelegate.swift */ = {isa = PBXFileReference; lastKnownFileType = sourcecode.swift; path = SceneDelegate.swift; sourceTree = "<group>"; };
		B619487F2442B737005D7675 /* WelcomeViewController.swift */ = {isa = PBXFileReference; lastKnownFileType = sourcecode.swift; path = WelcomeViewController.swift; sourceTree = "<group>"; };
		B61948822442B737005D7675 /* Base */ = {isa = PBXFileReference; lastKnownFileType = file.storyboard; name = Base; path = Base.lproj/Main.storyboard; sourceTree = "<group>"; };
		B61948872442B738005D7675 /* Assets.xcassets */ = {isa = PBXFileReference; lastKnownFileType = folder.assetcatalog; path = Assets.xcassets; sourceTree = "<group>"; };
		B619488A2442B738005D7675 /* Base */ = {isa = PBXFileReference; lastKnownFileType = file.storyboard; name = Base; path = Base.lproj/LaunchScreen.storyboard; sourceTree = "<group>"; };
		B619488C2442B738005D7675 /* Info.plist */ = {isa = PBXFileReference; lastKnownFileType = text.plist.xml; path = Info.plist; sourceTree = "<group>"; };
		B621EDD42446D64600C3C1E0 /* ReportViewController.swift */ = {isa = PBXFileReference; lastKnownFileType = sourcecode.swift; path = ReportViewController.swift; sourceTree = "<group>"; };
		B641C9DB24496E4900BFAC1E /* levelClassifyViewController.swift */ = {isa = PBXFileReference; lastKnownFileType = sourcecode.swift; path = levelClassifyViewController.swift; sourceTree = "<group>"; };
		B641C9DD2449705A00BFAC1E /* levelDetector.swift */ = {isa = PBXFileReference; lastKnownFileType = sourcecode.swift; path = levelDetector.swift; sourceTree = "<group>"; };
		B641C9DF24499AE200BFAC1E /* WarmupViewController.swift */ = {isa = PBXFileReference; lastKnownFileType = sourcecode.swift; path = WarmupViewController.swift; sourceTree = "<group>"; };
		B641C9E32449A5A800BFAC1E /* TrainViewController.swift */ = {isa = PBXFileReference; lastKnownFileType = sourcecode.swift; path = TrainViewController.swift; sourceTree = "<group>"; };
		B641C9E92449B4FC00BFAC1E /* RookieProgram.swift */ = {isa = PBXFileReference; lastKnownFileType = sourcecode.swift; path = RookieProgram.swift; sourceTree = "<group>"; };
		B641C9EB244B08EC00BFAC1E /* PopUpViewController.swift */ = {isa = PBXFileReference; lastKnownFileType = sourcecode.swift; path = PopUpViewController.swift; sourceTree = "<group>"; };
		B65EE3282448022D001823FA /* MovieMaker.swift */ = {isa = PBXFileReference; lastKnownFileType = sourcecode.swift; path = MovieMaker.swift; sourceTree = "<group>"; };
		B65EE32B2448B4BD001823FA /* User.xcdatamodel */ = {isa = PBXFileReference; lastKnownFileType = wrapper.xcdatamodel; path = User.xcdatamodel; sourceTree = "<group>"; };
		B6B78557244BF4AF008C2518 /* Intermediate.swift */ = {isa = PBXFileReference; lastKnownFileType = sourcecode.swift; path = Intermediate.swift; sourceTree = "<group>"; };
		B6B78559244BF9BC008C2518 /* Advanced.swift */ = {isa = PBXFileReference; lastKnownFileType = sourcecode.swift; path = Advanced.swift; sourceTree = "<group>"; };
		B6B7855B244BF9C5008C2518 /* Beast.swift */ = {isa = PBXFileReference; lastKnownFileType = sourcecode.swift; path = Beast.swift; sourceTree = "<group>"; };
		B6C1111724434F1600783090 /* RegisterViewController.swift */ = {isa = PBXFileReference; lastKnownFileType = sourcecode.swift; path = RegisterViewController.swift; sourceTree = "<group>"; };
		F501F92D6BD4EE2B9E3927E2 /* Pods-fitube.release.xcconfig */ = {isa = PBXFileReference; includeInIndex = 1; lastKnownFileType = text.xcconfig; name = "Pods-fitube.release.xcconfig"; path = "Target Support Files/Pods-fitube/Pods-fitube.release.xcconfig"; sourceTree = "<group>"; };
/* End PBXFileReference section */

/* Begin PBXFrameworksBuildPhase section */
		B61948752442B737005D7675 /* Frameworks */ = {
			isa = PBXFrameworksBuildPhase;
			buildActionMask = 2147483647;
			files = (
				95A09BBE36B3F1EADEE58B07 /* Pods_fitube.framework in Frameworks */,
			);
			runOnlyForDeploymentPostprocessing = 0;
		};
/* End PBXFrameworksBuildPhase section */

/* Begin PBXGroup section */
		1CF3699499F6CF5EE203D65D /* Frameworks */ = {
			isa = PBXGroup;
			children = (
				375662A76D6CD3B561F15486 /* Pods_fitube.framework */,
			);
			name = Frameworks;
			sourceTree = "<group>";
		};
		2E62AC0C41A8596789B1EDAF /* Pods */ = {
			isa = PBXGroup;
			children = (
				1F8DFEB34F460EC53A0355A2 /* Pods-fitube.debug.xcconfig */,
				F501F92D6BD4EE2B9E3927E2 /* Pods-fitube.release.xcconfig */,
			);
			path = Pods;
			sourceTree = "<group>";
		};
		B619486F2442B736005D7675 = {
			isa = PBXGroup;
			children = (
				B619487A2442B737005D7675 /* fitube */,
				B61948792442B737005D7675 /* Products */,
				2E62AC0C41A8596789B1EDAF /* Pods */,
				1CF3699499F6CF5EE203D65D /* Frameworks */,
			);
			sourceTree = "<group>";
		};
		B61948792442B737005D7675 /* Products */ = {
			isa = PBXGroup;
			children = (
				B61948782442B737005D7675 /* fitube.app */,
			);
			name = Products;
			sourceTree = "<group>";
		};
		B619487A2442B737005D7675 /* fitube */ = {
			isa = PBXGroup;
			children = (
				B619487B2442B737005D7675 /* AppDelegate.swift */,
				B619487D2442B737005D7675 /* SceneDelegate.swift */,
				B6C111242444AEB100783090 /* Models */,
				B6DEB35F244312C600803F0A /* Controllers */,
				B6DEB35E244312B400803F0A /* View */,
				B61948872442B738005D7675 /* Assets.xcassets */,
				B651C3372445CBA400123412 /* Programmaticlly */,
				B61948892442B738005D7675 /* LaunchScreen.storyboard */,
				B619488C2442B738005D7675 /* Info.plist */,
			);
			path = fitube;
			sourceTree = "<group>";
		};
		B641C9E52449A81900BFAC1E /* Tab */ = {
			isa = PBXGroup;
			children = (
				B611336B24458E990000B1B0 /* ProgramViewController.swift */,
				B641C9E62449A82F00BFAC1E /* Program */,
				B621EDD42446D64600C3C1E0 /* ReportViewController.swift */,
				B611336D24458EBE0000B1B0 /* SettingViewController.swift */,
			);
			name = Tab;
			sourceTree = "<group>";
		};
		B641C9E62449A82F00BFAC1E /* Program */ = {
			isa = PBXGroup;
			children = (
				B641C9DF24499AE200BFAC1E /* WarmupViewController.swift */,
				B641C9E32449A5A800BFAC1E /* TrainViewController.swift */,
				B641C9EB244B08EC00BFAC1E /* PopUpViewController.swift */,
			);
			path = Program;
			sourceTree = "<group>";
		};
		B651C3372445CBA400123412 /* Programmaticlly */ = {
			isa = PBXGroup;
			children = (
				B65EE3282448022D001823FA /* MovieMaker.swift */,
			);
			path = Programmaticlly;
			sourceTree = "<group>";
		};
		B6C111242444AEB100783090 /* Models */ = {
			isa = PBXGroup;
			children = (
				B65EE32A2448B4BD001823FA /* Users1.xcdatamodeld */,
				B641C9DD2449705A00BFAC1E /* levelDetector.swift */,
				B641C9E92449B4FC00BFAC1E /* RookieProgram.swift */,
				B6B78557244BF4AF008C2518 /* Intermediate.swift */,
				B6B78559244BF9BC008C2518 /* Advanced.swift */,
				B6B7855B244BF9C5008C2518 /* Beast.swift */,
			);
			path = Models;
			sourceTree = "<group>";
		};
		B6DEB35E244312B400803F0A /* View */ = {
			isa = PBXGroup;
			children = (
				B61948812442B737005D7675 /* Main.storyboard */,
			);
			path = View;
			sourceTree = "<group>";
		};
		B6DEB35F244312C600803F0A /* Controllers */ = {
			isa = PBXGroup;
			children = (
				B619487F2442B737005D7675 /* WelcomeViewController.swift */,
				B6C1111724434F1600783090 /* RegisterViewController.swift */,
				B641C9DB24496E4900BFAC1E /* levelClassifyViewController.swift */,
				B61133692445866E0000B1B0 /* HomeTabViewController.swift */,
				B641C9E52449A81900BFAC1E /* Tab */,
			);
			path = Controllers;
			sourceTree = "<group>";
		};
/* End PBXGroup section */

/* Begin PBXNativeTarget section */
		B61948772442B737005D7675 /* fitube */ = {
			isa = PBXNativeTarget;
			buildConfigurationList = B619488F2442B738005D7675 /* Build configuration list for PBXNativeTarget "fitube" */;
			buildPhases = (
				4A732BE416EBE50428B0DADA /* [CP] Check Pods Manifest.lock */,
				B61948742442B737005D7675 /* Sources */,
				B61948752442B737005D7675 /* Frameworks */,
				B61948762442B737005D7675 /* Resources */,
				07DF32BE16FBBB62CB2F6257 /* [CP] Embed Pods Frameworks */,
			);
			buildRules = (
			);
			dependencies = (
			);
			name = fitube;
			productName = fitube;
			productReference = B61948782442B737005D7675 /* fitube.app */;
			productType = "com.apple.product-type.application";
		};
/* End PBXNativeTarget section */

/* Begin PBXProject section */
		B61948702442B736005D7675 /* Project object */ = {
			isa = PBXProject;
			attributes = {
				LastSwiftUpdateCheck = 1130;
				LastUpgradeCheck = 1130;
				ORGANIZATIONNAME = "陳翰霖";
				TargetAttributes = {
					B61948772442B737005D7675 = {
						CreatedOnToolsVersion = 11.3.1;
					};
				};
			};
			buildConfigurationList = B61948732442B736005D7675 /* Build configuration list for PBXProject "fitube" */;
			compatibilityVersion = "Xcode 9.3";
			developmentRegion = en;
			hasScannedForEncodings = 0;
			knownRegions = (
				en,
				Base,
			);
			mainGroup = B619486F2442B736005D7675;
			productRefGroup = B61948792442B737005D7675 /* Products */;
			projectDirPath = "";
			projectRoot = "";
			targets = (
				B61948772442B737005D7675 /* fitube */,
			);
		};
/* End PBXProject section */

/* Begin PBXResourcesBuildPhase section */
		B61948762442B737005D7675 /* Resources */ = {
			isa = PBXResourcesBuildPhase;
			buildActionMask = 2147483647;
			files = (
				B619488B2442B738005D7675 /* LaunchScreen.storyboard in Resources */,
				B61948882442B738005D7675 /* Assets.xcassets in Resources */,
				B61948832442B737005D7675 /* Main.storyboard in Resources */,
			);
			runOnlyForDeploymentPostprocessing = 0;
		};
/* End PBXResourcesBuildPhase section */

/* Begin PBXShellScriptBuildPhase section */
		07DF32BE16FBBB62CB2F6257 /* [CP] Embed Pods Frameworks */ = {
			isa = PBXShellScriptBuildPhase;
			buildActionMask = 2147483647;
			files = (
			);
			inputFileListPaths = (
				"${PODS_ROOT}/Target Support Files/Pods-fitube/Pods-fitube-frameworks-${CONFIGURATION}-input-files.xcfilelist",
			);
			name = "[CP] Embed Pods Frameworks";
			outputFileListPaths = (
				"${PODS_ROOT}/Target Support Files/Pods-fitube/Pods-fitube-frameworks-${CONFIGURATION}-output-files.xcfilelist",
			);
			runOnlyForDeploymentPostprocessing = 0;
			shellPath = /bin/sh;
			shellScript = "\"${PODS_ROOT}/Target Support Files/Pods-fitube/Pods-fitube-frameworks.sh\"\n";
			showEnvVarsInLog = 0;
		};
		4A732BE416EBE50428B0DADA /* [CP] Check Pods Manifest.lock */ = {
			isa = PBXShellScriptBuildPhase;
			buildActionMask = 2147483647;
			files = (
			);
			inputFileListPaths = (
			);
			inputPaths = (
				"${PODS_PODFILE_DIR_PATH}/Podfile.lock",
				"${PODS_ROOT}/Manifest.lock",
			);
			name = "[CP] Check Pods Manifest.lock";
			outputFileListPaths = (
			);
			outputPaths = (
				"$(DERIVED_FILE_DIR)/Pods-fitube-checkManifestLockResult.txt",
			);
			runOnlyForDeploymentPostprocessing = 0;
			shellPath = /bin/sh;
			shellScript = "diff \"${PODS_PODFILE_DIR_PATH}/Podfile.lock\" \"${PODS_ROOT}/Manifest.lock\" > /dev/null\nif [ $? != 0 ] ; then\n    # print error to STDERR\n    echo \"error: The sandbox is not in sync with the Podfile.lock. Run 'pod install' or update your CocoaPods installation.\" >&2\n    exit 1\nfi\n# This output is used by Xcode 'outputs' to avoid re-running this script phase.\necho \"SUCCESS\" > \"${SCRIPT_OUTPUT_FILE_0}\"\n";
			showEnvVarsInLog = 0;
		};
/* End PBXShellScriptBuildPhase section */

/* Begin PBXSourcesBuildPhase section */
		B61948742442B737005D7675 /* Sources */ = {
			isa = PBXSourcesBuildPhase;
			buildActionMask = 2147483647;
			files = (
				B61948802442B737005D7675 /* WelcomeViewController.swift in Sources */,
				B6B78558244BF4AF008C2518 /* Intermediate.swift in Sources */,
				B611336C24458E990000B1B0 /* ProgramViewController.swift in Sources */,
				B619487C2442B737005D7675 /* AppDelegate.swift in Sources */,
				B65EE3292448022D001823FA /* MovieMaker.swift in Sources */,
				B641C9DE2449705A00BFAC1E /* levelDetector.swift in Sources */,
				B641C9E024499AE200BFAC1E /* WarmupViewController.swift in Sources */,
				B6B7855C244BF9C5008C2518 /* Beast.swift in Sources */,
				B611336E24458EBE0000B1B0 /* SettingViewController.swift in Sources */,
				B641C9EC244B08EC00BFAC1E /* PopUpViewController.swift in Sources */,
				B621EDD52446D64600C3C1E0 /* ReportViewController.swift in Sources */,
				B641C9DC24496E4900BFAC1E /* levelClassifyViewController.swift in Sources */,
				B6B7855A244BF9BC008C2518 /* Advanced.swift in Sources */,
				B619487E2442B737005D7675 /* SceneDelegate.swift in Sources */,
				B65EE32C2448B4BD001823FA /* Users1.xcdatamodeld in Sources */,
				B611336A2445866E0000B1B0 /* HomeTabViewController.swift in Sources */,
				B641C9EA2449B4FC00BFAC1E /* RookieProgram.swift in Sources */,
				B6C1111824434F1600783090 /* RegisterViewController.swift in Sources */,
				B641C9E42449A5A800BFAC1E /* TrainViewController.swift in Sources */,
			);
			runOnlyForDeploymentPostprocessing = 0;
		};
/* End PBXSourcesBuildPhase section */

/* Begin PBXVariantGroup section */
		B61948812442B737005D7675 /* Main.storyboard */ = {
			isa = PBXVariantGroup;
			children = (
				B61948822442B737005D7675 /* Base */,
			);
			name = Main.storyboard;
			sourceTree = "<group>";
		};
		B61948892442B738005D7675 /* LaunchScreen.storyboard */ = {
			isa = PBXVariantGroup;
			children = (
				B619488A2442B738005D7675 /* Base */,
			);
			name = LaunchScreen.storyboard;
			sourceTree = "<group>";
		};
/* End PBXVariantGroup section */

/* Begin XCBuildConfiguration section */
		B619488D2442B738005D7675 /* Debug */ = {
			isa = XCBuildConfiguration;
			buildSettings = {
				ALWAYS_SEARCH_USER_PATHS = NO;
				CLANG_ANALYZER_NONNULL = YES;
				CLANG_ANALYZER_NUMBER_OBJECT_CONVERSION = YES_AGGRESSIVE;
				CLANG_CXX_LANGUAGE_STANDARD = "gnu++14";
				CLANG_CXX_LIBRARY = "libc++";
				CLANG_ENABLE_MODULES = YES;
				CLANG_ENABLE_OBJC_ARC = YES;
				CLANG_ENABLE_OBJC_WEAK = YES;
				CLANG_WARN_BLOCK_CAPTURE_AUTORELEASING = YES;
				CLANG_WARN_BOOL_CONVERSION = YES;
				CLANG_WARN_COMMA = YES;
				CLANG_WARN_CONSTANT_CONVERSION = YES;
				CLANG_WARN_DEPRECATED_OBJC_IMPLEMENTATIONS = YES;
				CLANG_WARN_DIRECT_OBJC_ISA_USAGE = YES_ERROR;
				CLANG_WARN_DOCUMENTATION_COMMENTS = YES;
				CLANG_WARN_EMPTY_BODY = YES;
				CLANG_WARN_ENUM_CONVERSION = YES;
				CLANG_WARN_INFINITE_RECURSION = YES;
				CLANG_WARN_INT_CONVERSION = YES;
				CLANG_WARN_NON_LITERAL_NULL_CONVERSION = YES;
				CLANG_WARN_OBJC_IMPLICIT_RETAIN_SELF = YES;
				CLANG_WARN_OBJC_LITERAL_CONVERSION = YES;
				CLANG_WARN_OBJC_ROOT_CLASS = YES_ERROR;
				CLANG_WARN_RANGE_LOOP_ANALYSIS = YES;
				CLANG_WARN_STRICT_PROTOTYPES = YES;
				CLANG_WARN_SUSPICIOUS_MOVE = YES;
				CLANG_WARN_UNGUARDED_AVAILABILITY = YES_AGGRESSIVE;
				CLANG_WARN_UNREACHABLE_CODE = YES;
				CLANG_WARN__DUPLICATE_METHOD_MATCH = YES;
				COPY_PHASE_STRIP = NO;
				DEBUG_INFORMATION_FORMAT = dwarf;
				ENABLE_STRICT_OBJC_MSGSEND = YES;
				ENABLE_TESTABILITY = YES;
				GCC_C_LANGUAGE_STANDARD = gnu11;
				GCC_DYNAMIC_NO_PIC = NO;
				GCC_NO_COMMON_BLOCKS = YES;
				GCC_OPTIMIZATION_LEVEL = 0;
				GCC_PREPROCESSOR_DEFINITIONS = (
					"DEBUG=1",
					"$(inherited)",
				);
				GCC_WARN_64_TO_32_BIT_CONVERSION = YES;
				GCC_WARN_ABOUT_RETURN_TYPE = YES_ERROR;
				GCC_WARN_UNDECLARED_SELECTOR = YES;
				GCC_WARN_UNINITIALIZED_AUTOS = YES_AGGRESSIVE;
				GCC_WARN_UNUSED_FUNCTION = YES;
				GCC_WARN_UNUSED_VARIABLE = YES;
				IPHONEOS_DEPLOYMENT_TARGET = 13.2;
				MTL_ENABLE_DEBUG_INFO = INCLUDE_SOURCE;
				MTL_FAST_MATH = YES;
				ONLY_ACTIVE_ARCH = YES;
				SDKROOT = iphoneos;
				SWIFT_ACTIVE_COMPILATION_CONDITIONS = DEBUG;
				SWIFT_OPTIMIZATION_LEVEL = "-Onone";
			};
			name = Debug;
		};
		B619488E2442B738005D7675 /* Release */ = {
			isa = XCBuildConfiguration;
			buildSettings = {
				ALWAYS_SEARCH_USER_PATHS = NO;
				CLANG_ANALYZER_NONNULL = YES;
				CLANG_ANALYZER_NUMBER_OBJECT_CONVERSION = YES_AGGRESSIVE;
				CLANG_CXX_LANGUAGE_STANDARD = "gnu++14";
				CLANG_CXX_LIBRARY = "libc++";
				CLANG_ENABLE_MODULES = YES;
				CLANG_ENABLE_OBJC_ARC = YES;
				CLANG_ENABLE_OBJC_WEAK = YES;
				CLANG_WARN_BLOCK_CAPTURE_AUTORELEASING = YES;
				CLANG_WARN_BOOL_CONVERSION = YES;
				CLANG_WARN_COMMA = YES;
				CLANG_WARN_CONSTANT_CONVERSION = YES;
				CLANG_WARN_DEPRECATED_OBJC_IMPLEMENTATIONS = YES;
				CLANG_WARN_DIRECT_OBJC_ISA_USAGE = YES_ERROR;
				CLANG_WARN_DOCUMENTATION_COMMENTS = YES;
				CLANG_WARN_EMPTY_BODY = YES;
				CLANG_WARN_ENUM_CONVERSION = YES;
				CLANG_WARN_INFINITE_RECURSION = YES;
				CLANG_WARN_INT_CONVERSION = YES;
				CLANG_WARN_NON_LITERAL_NULL_CONVERSION = YES;
				CLANG_WARN_OBJC_IMPLICIT_RETAIN_SELF = YES;
				CLANG_WARN_OBJC_LITERAL_CONVERSION = YES;
				CLANG_WARN_OBJC_ROOT_CLASS = YES_ERROR;
				CLANG_WARN_RANGE_LOOP_ANALYSIS = YES;
				CLANG_WARN_STRICT_PROTOTYPES = YES;
				CLANG_WARN_SUSPICIOUS_MOVE = YES;
				CLANG_WARN_UNGUARDED_AVAILABILITY = YES_AGGRESSIVE;
				CLANG_WARN_UNREACHABLE_CODE = YES;
				CLANG_WARN__DUPLICATE_METHOD_MATCH = YES;
				COPY_PHASE_STRIP = NO;
				DEBUG_INFORMATION_FORMAT = "dwarf-with-dsym";
				ENABLE_NS_ASSERTIONS = NO;
				ENABLE_STRICT_OBJC_MSGSEND = YES;
				GCC_C_LANGUAGE_STANDARD = gnu11;
				GCC_NO_COMMON_BLOCKS = YES;
				GCC_WARN_64_TO_32_BIT_CONVERSION = YES;
				GCC_WARN_ABOUT_RETURN_TYPE = YES_ERROR;
				GCC_WARN_UNDECLARED_SELECTOR = YES;
				GCC_WARN_UNINITIALIZED_AUTOS = YES_AGGRESSIVE;
				GCC_WARN_UNUSED_FUNCTION = YES;
				GCC_WARN_UNUSED_VARIABLE = YES;
				IPHONEOS_DEPLOYMENT_TARGET = 13.2;
				MTL_ENABLE_DEBUG_INFO = NO;
				MTL_FAST_MATH = YES;
				SDKROOT = iphoneos;
				SWIFT_COMPILATION_MODE = wholemodule;
				SWIFT_OPTIMIZATION_LEVEL = "-O";
				VALIDATE_PRODUCT = YES;
			};
			name = Release;
		};
		B61948902442B738005D7675 /* Debug */ = {
			isa = XCBuildConfiguration;
			baseConfigurationReference = 1F8DFEB34F460EC53A0355A2 /* Pods-fitube.debug.xcconfig */;
			buildSettings = {
				ASSETCATALOG_COMPILER_APPICON_NAME = AppIcon;
				CODE_SIGN_STYLE = Automatic;
				DEVELOPMENT_TEAM = 83AH7T8DV5;
				INFOPLIST_FILE = fitube/Info.plist;
				IPHONEOS_DEPLOYMENT_TARGET = 13.2;
				LD_RUNPATH_SEARCH_PATHS = (
					"$(inherited)",
					"@executable_path/Frameworks",
				);
				PRODUCT_BUNDLE_IDENTIFIER = com.hanlin.fitube;
				PRODUCT_NAME = "$(TARGET_NAME)";
				SWIFT_VERSION = 5.0;
				TARGETED_DEVICE_FAMILY = "1,2";
			};
			name = Debug;
		};
		B61948912442B738005D7675 /* Release */ = {
			isa = XCBuildConfiguration;
			baseConfigurationReference = F501F92D6BD4EE2B9E3927E2 /* Pods-fitube.release.xcconfig */;
			buildSettings = {
				ASSETCATALOG_COMPILER_APPICON_NAME = AppIcon;
				CODE_SIGN_STYLE = Automatic;
				DEVELOPMENT_TEAM = 83AH7T8DV5;
				INFOPLIST_FILE = fitube/Info.plist;
				IPHONEOS_DEPLOYMENT_TARGET = 13.2;
				LD_RUNPATH_SEARCH_PATHS = (
					"$(inherited)",
					"@executable_path/Frameworks",
				);
				PRODUCT_BUNDLE_IDENTIFIER = com.hanlin.fitube;
				PRODUCT_NAME = "$(TARGET_NAME)";
				SWIFT_VERSION = 5.0;
				TARGETED_DEVICE_FAMILY = "1,2";
			};
			name = Release;
		};
/* End XCBuildConfiguration section */

/* Begin XCConfigurationList section */
		B61948732442B736005D7675 /* Build configuration list for PBXProject "fitube" */ = {
			isa = XCConfigurationList;
			buildConfigurations = (
				B619488D2442B738005D7675 /* Debug */,
				B619488E2442B738005D7675 /* Release */,
			);
			defaultConfigurationIsVisible = 0;
			defaultConfigurationName = Release;
		};
		B619488F2442B738005D7675 /* Build configuration list for PBXNativeTarget "fitube" */ = {
			isa = XCConfigurationList;
			buildConfigurations = (
				B61948902442B738005D7675 /* Debug */,
				B61948912442B738005D7675 /* Release */,
			);
			defaultConfigurationIsVisible = 0;
			defaultConfigurationName = Release;
		};
/* End XCConfigurationList section */

/* Begin XCVersionGroup section */
		B65EE32A2448B4BD001823FA /* Users1.xcdatamodeld */ = {
			isa = XCVersionGroup;
			children = (
				B65EE32B2448B4BD001823FA /* User.xcdatamodel */,
			);
			currentVersion = B65EE32B2448B4BD001823FA /* User.xcdatamodel */;
			path = Users1.xcdatamodeld;
			sourceTree = "<group>";
			versionGroupType = wrapper.xcdatamodel;
		};
/* End XCVersionGroup section */
	};
	rootObject = B61948702442B736005D7675 /* Project object */;
}
