PODS:
  - ChameleonFramework/Default (2.1.0)
  - ChameleonFramework/Swift (2.1.0):
    - ChameleonFramework/Default
  - CustomSegmentControl (0.1.6)
  - DLRadioButton (1.4.12)
  - IQKeyboardManagerSwift (6.5.5)
  - SwipeCellKit (2.7.1)

DEPENDENCIES:
  - ChameleonFramework/Swift (from `https://github.com/wowansm/Chameleon.git`, branch `swift5`)
  - CustomSegmentControl
  - DLRadioButton (~> 1.4)
  - IQKeyboardManagerSwift
  - SwipeCellKit

SPEC REPOS:
  trunk:
    - CustomSegmentControl
    - DLRadioButton
    - IQKeyboardManagerSwift
    - SwipeCellKit

EXTERNAL SOURCES:
  ChameleonFramework:
    :branch: swift5
    :git: https://github.com/wowansm/Chameleon.git

CHECKOUT OPTIONS:
  ChameleonFramework:
    :commit: 96d52c36a45847fff60bcff7a58fec1e4bd7390b
    :git: https://github.com/wowansm/Chameleon.git

SPEC CHECKSUMS:
  ChameleonFramework: d21a3cc247abfe5e37609a283a8238b03575cf64
  CustomSegmentControl: 86d64ce84a9e43391c96bf09e14697b5d72dcfcc
  DLRadioButton: d7c4e225ed0e8013cef7be61455230c7557ad7c1
  IQKeyboardManagerSwift: 0fb93310284665245591f50f7a5e38de615960b7
  SwipeCellKit: 3972254a826da74609926daf59b08d6c72e619ea

PODFILE CHECKSUM: 6c93489a61e45649318be14976695d4d6446c6d4

COCOAPODS: 1.9.1
